// !$*UTF8*$!
{
	archiveVersion = 1;
	classes = {
	};
	objectVersion = 46;
	objects = {

/* Begin PBXBuildFile section */
		C7EF1D4E1E06A0110015822B /* AppDelegate.swift in Sources */ = {isa = PBXBuildFile; fileRef = C7EF1D4D1E06A0110015822B /* AppDelegate.swift */; };
		C7EF1D501E06A0110015822B /* ViewController.swift in Sources */ = {isa = PBXBuildFile; fileRef = C7EF1D4F1E06A0110015822B /* ViewController.swift */; };
		C7EF1D531E06A0110015822B /* Main.storyboard in Resources */ = {isa = PBXBuildFile; fileRef = C7EF1D511E06A0110015822B /* Main.storyboard */; };
		C7EF1D551E06A0110015822B /* Assets.xcassets in Resources */ = {isa = PBXBuildFile; fileRef = C7EF1D541E06A0110015822B /* Assets.xcassets */; };
		C7EF1D581E06A0110015822B /* LaunchScreen.storyboard in Resources */ = {isa = PBXBuildFile; fileRef = C7EF1D561E06A0110015822B /* LaunchScreen.storyboard */; };
/* End PBXBuildFile section */

/* Begin PBXFileReference section */
		C7EF1D4A1E06A0110015822B /* Details.app */ = {isa = PBXFileReference; explicitFileType = wrapper.application; includeInIndex = 0; path = Details.app; sourceTree = BUILT_PRODUCTS_DIR; };
		C7EF1D4D1E06A0110015822B /* AppDelegate.swift */ = {isa = PBXFileReference; lastKnownFileType = sourcecode.swift; path = AppDelegate.swift; sourceTree = "<group>"; };
		C7EF1D4F1E06A0110015822B /* ViewController.swift */ = {isa = PBXFileReference; lastKnownFileType = sourcecode.swift; path = ViewController.swift; sourceTree = "<group>"; };
		C7EF1D521E06A0110015822B /* Base */ = {isa = PBXFileReference; lastKnownFileType = file.storyboard; name = Base; path = Base.lproj/Main.storyboard; sourceTree = "<group>"; };
		C7EF1D541E06A0110015822B /* Assets.xcassets */ = {isa = PBXFileReference; lastKnownFileType = folder.assetcatalog; path = Assets.xcassets; sourceTree = "<group>"; };
		C7EF1D571E06A0110015822B /* Base */ = {isa = PBXFileReference; lastKnownFileType = file.storyboard; name = Base; path = Base.lproj/LaunchScreen.storyboard; sourceTree = "<group>"; };
		C7EF1D591E06A0110015822B /* Info.plist */ = {isa = PBXFileReference; lastKnownFileType = text.plist.xml; path = Info.plist; sourceTree = "<group>"; };
/* End PBXFileReference section */

/* Begin PBXFrameworksBuildPhase section */
		C7EF1D471E06A0100015822B /* Frameworks */ = {
			isa = PBXFrameworksBuildPhase;
			buildActionMask = 2147483647;
			files = (
			);
			runOnlyForDeploymentPostprocessing = 0;
		};
/* End PBXFrameworksBuildPhase section */

/* Begin PBXGroup section */
		C7EF1D411E06A0100015822B = {
			isa = PBXGroup;
			children = (
				C7EF1D4C1E06A0110015822B /* Details */,
				C7EF1D4B1E06A0110015822B /* Products */,
			);
			sourceTree = "<group>";
		};
		C7EF1D4B1E06A0110015822B /* Products */ = {
			isa = PBXGroup;
			children = (
				C7EF1D4A1E06A0110015822B /* Details.app */,
			);
			name = Products;
			sourceTree = "<group>";
		};
		C7EF1D4C1E06A0110015822B /* Details */ = {
			isa = PBXGroup;
			children = (
				C7EF1D4D1E06A0110015822B /* AppDelegate.swift */,
				C7EF1D4F1E06A0110015822B /* ViewController.swift */,
				C7EF1D511E06A0110015822B /* Main.storyboard */,
				C7EF1D541E06A0110015822B /* Assets.xcassets */,
				C7EF1D561E06A0110015822B /* LaunchScreen.storyboard */,
				C7EF1D591E06A0110015822B /* Info.plist */,
			);
			path = Details;
			sourceTree = "<group>";
		};
/* End PBXGroup section */

/* Begin PBXNativeTarget section */
		C7EF1D491E06A0100015822B /* Details */ = {
			isa = PBXNativeTarget;
			buildConfigurationList = C7EF1D5C1E06A0110015822B /* Build configuration list for PBXNativeTarget "Details" */;
			buildPhases = (
				C7EF1D461E06A0100015822B /* Sources */,
				C7EF1D471E06A0100015822B /* Frameworks */,
				C7EF1D481E06A0100015822B /* Resources */,
			);
			buildRules = (
			);
			dependencies = (
			);
			name = Details;
			productName = Details;
			productReference = C7EF1D4A1E06A0110015822B /* Details.app */;
			productType = "com.apple.product-type.application";
		};
/* End PBXNativeTarget section */

/* Begin PBXProject section */
		C7EF1D421E06A0100015822B /* Project object */ = {
			isa = PBXProject;
			attributes = {
				LastSwiftUpdateCheck = 0810;
				LastUpgradeCheck = 0810;
				ORGANIZATIONNAME = "Prateek Mahawar";
				TargetAttributes = {
					C7EF1D491E06A0100015822B = {
						CreatedOnToolsVersion = 8.1;
						DevelopmentTeam = 2QJCV27NGS;
						ProvisioningStyle = Automatic;
					};
				};
			};
			buildConfigurationList = C7EF1D451E06A0100015822B /* Build configuration list for PBXProject "Details" */;
			compatibilityVersion = "Xcode 3.2";
			developmentRegion = English;
			hasScannedForEncodings = 0;
			knownRegions = (
				en,
				Base,
			);
			mainGroup = C7EF1D411E06A0100015822B;
			productRefGroup = C7EF1D4B1E06A0110015822B /* Products */;
			projectDirPath = "";
			projectRoot = "";
			targets = (
				C7EF1D491E06A0100015822B /* Details */,
			);
		};
/* End PBXProject section */

/* Begin PBXResourcesBuildPhase section */
		C7EF1D481E06A0100015822B /* Resources */ = {
			isa = PBXResourcesBuildPhase;
			buildActionMask = 2147483647;
			files = (
				C7EF1D581E06A0110015822B /* LaunchScreen.storyboard in Resources */,
				C7EF1D551E06A0110015822B /* Assets.xcassets in Resources */,
				C7EF1D531E06A0110015822B /* Main.storyboard in Resources */,
			);
			runOnlyForDeploymentPostprocessing = 0;
		};
/* End PBXResourcesBuildPhase section */

/* Begin PBXSourcesBuildPhase section */
		C7EF1D461E06A0100015822B /* Sources */ = {
			isa = PBXSourcesBuildPhase;
			buildActionMask = 2147483647;
			files = (
				C7EF1D501E06A0110015822B /* ViewController.swift in Sources */,
				C7EF1D4E1E06A0110015822B /* AppDelegate.swift in Sources */,
			);
			runOnlyForDeploymentPostprocessing = 0;
		};
/* End PBXSourcesBuildPhase section */

/* Begin PBXVariantGroup section */
		C7EF1D511E06A0110015822B /* Main.storyboard */ = {
			isa = PBXVariantGroup;
			children = (
				C7EF1D521E06A0110015822B /* Base */,
			);
			name = Main.storyboard;
			sourceTree = "<group>";
		};
		C7EF1D561E06A0110015822B /* LaunchScreen.storyboard */ = {
			isa = PBXVariantGroup;
			children = (
				C7EF1D571E06A0110015822B /* Base */,
			);
			name = LaunchScreen.storyboard;
			sourceTree = "<group>";
		};
/* End PBXVariantGroup section */

/* Begin XCBuildConfiguration section */
		C7EF1D5A1E06A0110015822B /* Debug */ = {
			isa = XCBuildConfiguration;
			buildSettings = {
				ALWAYS_SEARCH_USER_PATHS = NO;
				CLANG_ANALYZER_NONNULL = YES;
				CLANG_CXX_LANGUAGE_STANDARD = "gnu++0x";
				CLANG_CXX_LIBRARY = "libc++";
				CLANG_ENABLE_MODULES = YES;
				CLANG_ENABLE_OBJC_ARC = YES;
				CLANG_WARN_BOOL_CONVERSION = YES;
				CLANG_WARN_CONSTANT_CONVERSION = YES;
				CLANG_WARN_DIRECT_OBJC_ISA_USAGE = YES_ERROR;
				CLANG_WARN_DOCUMENTATION_COMMENTS = YES;
				CLANG_WARN_EMPTY_BODY = YES;
				CLANG_WARN_ENUM_CONVERSION = YES;
				CLANG_WARN_INFINITE_RECURSION = YES;
				CLANG_WARN_INT_CONVERSION = YES;
				CLANG_WARN_OBJC_ROOT_CLASS = YES_ERROR;
				CLANG_WARN_SUSPICIOUS_MOVES = YES;
				CLANG_WARN_UNREACHABLE_CODE = YES;
				CLANG_WARN__DUPLICATE_METHOD_MATCH = YES;
				"CODE_SIGN_IDENTITY[sdk=iphoneos*]" = "iPhone Developer";
				COPY_PHASE_STRIP = NO;
				DEBUG_INFORMATION_FORMAT = dwarf;
				ENABLE_STRICT_OBJC_MSGSEND = YES;
				ENABLE_TESTABILITY = YES;
				GCC_C_LANGUAGE_STANDARD = gnu99;
				GCC_DYNAMIC_NO_PIC = NO;
				GCC_NO_COMMON_BLOCKS = YES;
				GCC_OPTIMIZATION_LEVEL = 0;
				GCC_PREPROCESSOR_DEFINITIONS = (
					"DEBUG=1",
					"$(inherited)",
				);
				GCC_WARN_64_TO_32_BIT_CONVERSION = YES;
				GCC_WARN_ABOUT_RETURN_TYPE = YES_ERROR;
				GCC_WARN_UNDECLARED_SELECTOR = YES;
				GCC_WARN_UNINITIALIZED_AUTOS = YES_AGGRESSIVE;
				GCC_WARN_UNUSED_FUNCTION = YES;
				GCC_WARN_UNUSED_VARIABLE = YES;
				IPHONEOS_DEPLOYMENT_TARGET = 10.1;
				MTL_ENABLE_DEBUG_INFO = YES;
				ONLY_ACTIVE_ARCH = YES;
				SDKROOT = iphoneos;
				SWIFT_ACTIVE_COMPILATION_CONDITIONS = DEBUG;
				SWIFT_OPTIMIZATION_LEVEL = "-Onone";
				TARGETED_DEVICE_FAMILY = "1,2";
			};
			name = Debug;
		};
		C7EF1D5B1E06A0110015822B /* Release */ = {
			isa = XCBuildConfiguration;
			buildSettings = {
				ALWAYS_SEARCH_USER_PATHS = NO;
				CLANG_ANALYZER_NONNULL = YES;
				CLANG_CXX_LANGUAGE_STANDARD = "gnu++0x";
				CLANG_CXX_LIBRARY = "libc++";
				CLANG_ENABLE_MODULES = YES;
				CLANG_ENABLE_OBJC_ARC = YES;
				CLANG_WARN_BOOL_CONVERSION = YES;
				CLANG_WARN_CONSTANT_CONVERSION = YES;
				CLANG_WARN_DIRECT_OBJC_ISA_USAGE = YES_ERROR;
				CLANG_WARN_DOCUMENTATION_COMMENTS = YES;
				CLANG_WARN_EMPTY_BODY = YES;
				CLANG_WARN_ENUM_CONVERSION = YES;
				CLANG_WARN_INFINITE_RECURSION = YES;
				CLANG_WARN_INT_CONVERSION = YES;
				CLANG_WARN_OBJC_ROOT_CLASS = YES_ERROR;
				CLANG_WARN_SUSPICIOUS_MOVES = YES;
				CLANG_WARN_UNREACHABLE_CODE = YES;
				CLANG_WARN__DUPLICATE_METHOD_MATCH = YES;
				"CODE_SIGN_IDENTITY[sdk=iphoneos*]" = "iPhone Developer";
				COPY_PHASE_STRIP = NO;
				DEBUG_INFORMATION_FORMAT = "dwarf-with-dsym";
				ENABLE_NS_ASSERTIONS = NO;
				ENABLE_STRICT_OBJC_MSGSEND = YES;
				GCC_C_LANGUAGE_STANDARD = gnu99;
				GCC_NO_COMMON_BLOCKS = YES;
				GCC_WARN_64_TO_32_BIT_CONVERSION = YES;
				GCC_WARN_ABOUT_RETURN_TYPE = YES_ERROR;
				GCC_WARN_UNDECLARED_SELECTOR = YES;
				GCC_WARN_UNINITIALIZED_AUTOS = YES_AGGRESSIVE;
				GCC_WARN_UNUSED_FUNCTION = YES;
				GCC_WARN_UNUSED_VARIABLE = YES;
				IPHONEOS_DEPLOYMENT_TARGET = 10.1;
				MTL_ENABLE_DEBUG_INFO = NO;
				SDKROOT = iphoneos;
				SWIFT_OPTIMIZATION_LEVEL = "-Owholemodule";
				TARGETED_DEVICE_FAMILY = "1,2";
				VALIDATE_PRODUCT = YES;
			};
			name = Release;
		};
		C7EF1D5D1E06A0110015822B /* Debug */ = {
			isa = XCBuildConfiguration;
			buildSettings = {
				ASSETCATALOG_COMPILER_APPICON_NAME = AppIcon;
				DEVELOPMENT_TEAM = 2QJCV27NGS;
				INFOPLIST_FILE = Details/Info.plist;
				LD_RUNPATH_SEARCH_PATHS = "$(inherited) @executable_path/Frameworks";
				PRODUCT_BUNDLE_IDENTIFIER = com.PrateekMahawar.Details;
				PRODUCT_NAME = "$(TARGET_NAME)";
				SWIFT_VERSION = 3.0;
			};
			name = Debug;
		};
		C7EF1D5E1E06A0110015822B /* Release */ = {
			isa = XCBuildConfiguration;
			buildSettings = {
				ASSETCATALOG_COMPILER_APPICON_NAME = AppIcon;
				DEVELOPMENT_TEAM = 2QJCV27NGS;
				INFOPLIST_FILE = Details/Info.plist;
				LD_RUNPATH_SEARCH_PATHS = "$(inherited) @executable_path/Frameworks";
				PRODUCT_BUNDLE_IDENTIFIER = com.PrateekMahawar.Details;
				PRODUCT_NAME = "$(TARGET_NAME)";
				SWIFT_VERSION = 3.0;
			};
			name = Release;
		};
/* End XCBuildConfiguration section */

/* Begin XCConfigurationList section */
		C7EF1D451E06A0100015822B /* Build configuration list for PBXProject "Details" */ = {
			isa = XCConfigurationList;
			buildConfigurations = (
				C7EF1D5A1E06A0110015822B /* Debug */,
				C7EF1D5B1E06A0110015822B /* Release */,
			);
			defaultConfigurationIsVisible = 0;
			defaultConfigurationName = Release;
		};
		C7EF1D5C1E06A0110015822B /* Build configuration list for PBXNativeTarget "Details" */ = {
			isa = XCConfigurationList;
			buildConfigurations = (
				C7EF1D5D1E06A0110015822B /* Debug */,
				C7EF1D5E1E06A0110015822B /* Release */,
			);
			defaultConfigurationIsVisible = 0;
		};
/* End XCConfigurationList section */
	};
	rootObject = C7EF1D421E06A0100015822B /* Project object */;
}
